
Microsoft Visual Studio Solution File, Format Version 12.00
# Visual Studio Version 17
VisualStudioVersion = 17.5.33502.453
MinimumVisualStudioVersion = 10.0.40219.1
Project("{8BC9CEB8-8B4A-11D0-8D11-00A0C91BC942}") = "SandBox", "SandBox\SandBox.vcxproj", "{C691379B-E256-4AC9-AD7D-354DADA05964}"
EndProject
Project("{8BC9CEB8-8B4A-11D0-8D11-00A0C91BC942}") = "Zero", "Zero\Zero.vcxproj", "{30579996-54EF-4049-90AC-24C78C02DE81}"
EndProject
Global
	GlobalSection(SolutionConfigurationPlatforms) = preSolution
		Debug|x64 = Debug|x64
		Release|x64 = Release|x64
	EndGlobalSection
	GlobalSection(ProjectConfigurationPlatforms) = postSolution
		{30579996-54EF-4049-90AC-24C78C02DE81}.Debug|x64.ActiveCfg = Debug|x64
		{30579996-54EF-4049-90AC-24C78C02DE81}.Debug|x64.Build.0 = Debug|x64
		{30579996-54EF-4049-90AC-24C78C02DE81}.Release|x64.ActiveCfg = Release|x64
		{30579996-54EF-4049-90AC-24C78C02DE81}.Release|x64.Build.0 = Release|x64
		{C691379B-E256-4AC9-AD7D-354DADA05964}.Debug|x64.ActiveCfg = Debug|x64
		{C691379B-E256-4AC9-AD7D-354DADA05964}.Debug|x64.Build.0 = Debug|x64
		{C691379B-E256-4AC9-AD7D-354DADA05964}.Release|x64.ActiveCfg = Release|x64
		{C691379B-E256-4AC9-AD7D-354DADA05964}.Release|x64.Build.0 = Release|x64
	EndGlobalSection
	GlobalSection(SolutionProperties) = preSolution
		HideSolutionNode = FALSE
	EndGlobalSection
	GlobalSection(ExtensibilityGlobals) = postSolution
		SolutionGuid = {A7126930-F236-469F-9116-21B7C5DF0E70}
	EndGlobalSection
EndGlobal
