<?xml version="1.0" encoding="utf-8"?>
<Project ToolsVersion="4.0" xmlns="http://schemas.microsoft.com/developer/msbuild/2003">
  <ItemGroup>
    <Filter Include="Zero">
      <UniqueIdentifier>{6526907C-515D-910D-FA49-7710E65F0D0F}</UniqueIdentifier>
    </Filter>
  </ItemGroup>
  <ItemGroup>
    <ClInclude Include="src\Zero.h" />
    <ClInclude Include="src\Zero\Application.h">
      <Filter>Zero</Filter>
    </ClInclude>
    <ClInclude Include="src\Zero\Core.h">
      <Filter>Zero</Filter>
    </ClInclude>
    <ClInclude Include="src\Zero\EntryPoint.h">
      <Filter>Zero</Filter>
    </ClInclude>
    <ClInclude Include="src\Zero\Log.h">
      <Filter>Zero</Filter>
    </ClInclude>
  </ItemGroup>
  <ItemGroup>
    <ClCompile Include="src\Zero\Application.cpp">
      <Filter>Zero</Filter>
    </ClCompile>
    <ClCompile Include="src\Zero\Log.cpp">
      <Filter>Zero</Filter>
    </ClCompile>
  </ItemGroup>
</Project>